// !$*UTF8*$!
{
	archiveVersion = 1;
	classes = {
	};
	objectVersion = 56;
	objects = {

/* Begin PBXBuildFile section */
		801052D22BC5119400C042A8 /* ViewThatFitsApp.swift in Sources */ = {isa = PBXBuildFile; fileRef = 801052D12BC5119400C042A8 /* ViewThatFitsApp.swift */; };
		801052D42BC5119400C042A8 /* ContentView.swift in Sources */ = {isa = PBXBuildFile; fileRef = 801052D32BC5119400C042A8 /* ContentView.swift */; };
		801052D62BC5119500C042A8 /* Assets.xcassets in Resources */ = {isa = PBXBuildFile; fileRef = 801052D52BC5119500C042A8 /* Assets.xcassets */; };
		801052D92BC5119500C042A8 /* Preview Assets.xcassets in Resources */ = {isa = PBXBuildFile; fileRef = 801052D82BC5119500C042A8 /* Preview Assets.xcassets */; };
		801052E32BC5119500C042A8 /* ViewThatFitsTests.swift in Sources */ = {isa = PBXBuildFile; fileRef = 801052E22BC5119500C042A8 /* ViewThatFitsTests.swift */; };
		801052ED2BC5119500C042A8 /* ViewThatFitsUITests.swift in Sources */ = {isa = PBXBuildFile; fileRef = 801052EC2BC5119500C042A8 /* ViewThatFitsUITests.swift */; };
		801052EF2BC5119500C042A8 /* ViewThatFitsUITestsLaunchTests.swift in Sources */ = {isa = PBXBuildFile; fileRef = 801052EE2BC5119500C042A8 /* ViewThatFitsUITestsLaunchTests.swift */; };
		801052FC2BC532EF00C042A8 /* ViewThatFitsView.swift in Sources */ = {isa = PBXBuildFile; fileRef = 801052FB2BC532EF00C042A8 /* ViewThatFitsView.swift */; };
		801052FE2BC5358000C042A8 /* GeometryReader3dView.swift in Sources */ = {isa = PBXBuildFile; fileRef = 801052FD2BC5358000C042A8 /* GeometryReader3dView.swift */; };
		801053022BC538FD00C042A8 /* ScrollViewReaderView.swift in Sources */ = {isa = PBXBuildFile; fileRef = 801053012BC538FD00C042A8 /* ScrollViewReaderView.swift */; };
		801053042BC57C2F00C042A8 /* RomanNumeralFormatter.swift in Sources */ = {isa = PBXBuildFile; fileRef = 801053032BC57C2F00C042A8 /* RomanNumeralFormatter.swift */; };
		801053062BC57E6B00C042A8 /* GestureView.swift in Sources */ = {isa = PBXBuildFile; fileRef = 801053052BC57E6B00C042A8 /* GestureView.swift */; };
		801053092BC5801900C042A8 /* TemplateView.swift in Sources */ = {isa = PBXBuildFile; fileRef = 801053082BC5801900C042A8 /* TemplateView.swift */; };
		8010530B2BC5A19700C042A8 /* SearchView.swift in Sources */ = {isa = PBXBuildFile; fileRef = 8010530A2BC5A19700C042A8 /* SearchView.swift */; };
		8010530D2BC5B45800C042A8 /* SearchWithTokenView.swift in Sources */ = {isa = PBXBuildFile; fileRef = 8010530C2BC5B45800C042A8 /* SearchWithTokenView.swift */; };
		801053112BC645F600C042A8 /* ViewAnim+Extensions.swift in Sources */ = {isa = PBXBuildFile; fileRef = 801053102BC645F600C042A8 /* ViewAnim+Extensions.swift */; };
		801053142BC6474800C042A8 /* AnimationView.swift in Sources */ = {isa = PBXBuildFile; fileRef = 801053132BC6474800C042A8 /* AnimationView.swift */; };
		801053162BC65AA100C042A8 /* AnimatableVector.swift in Sources */ = {isa = PBXBuildFile; fileRef = 801053152BC65AA100C042A8 /* AnimatableVector.swift */; };
		801053182BC65B1C00C042A8 /* LineChart.swift in Sources */ = {isa = PBXBuildFile; fileRef = 801053172BC65B1C00C042A8 /* LineChart.swift */; };
		8010531A2BC67D8900C042A8 /* PhaseAnimatorView.swift in Sources */ = {isa = PBXBuildFile; fileRef = 801053192BC67D8900C042A8 /* PhaseAnimatorView.swift */; };
		8010531C2BC6C96200C042A8 /* PresentDetailView.swift in Sources */ = {isa = PBXBuildFile; fileRef = 8010531B2BC6C96200C042A8 /* PresentDetailView.swift */; };
		8010531E2BC6D95C00C042A8 /* DraggableModifier.swift in Sources */ = {isa = PBXBuildFile; fileRef = 8010531D2BC6D95C00C042A8 /* DraggableModifier.swift */; };
		801053202BC6D9F900C042A8 /* PresentContainerView.swift in Sources */ = {isa = PBXBuildFile; fileRef = 8010531F2BC6D9F900C042A8 /* PresentContainerView.swift */; };
		801053222BC6FB3400C042A8 /* HiddenModifier.swift in Sources */ = {isa = PBXBuildFile; fileRef = 801053212BC6FB3400C042A8 /* HiddenModifier.swift */; };
		8015779C2BDB811000E53508 /* ButtonsView.swift in Sources */ = {isa = PBXBuildFile; fileRef = 8015779B2BDB811000E53508 /* ButtonsView.swift */; };
		801577A02BDB824100E53508 /* MainButtonStyle.swift in Sources */ = {isa = PBXBuildFile; fileRef = 8015779D2BDB818E00E53508 /* MainButtonStyle.swift */; };
		801577A22BDB88D900E53508 /* GlowModifier.swift in Sources */ = {isa = PBXBuildFile; fileRef = 801577A12BDB88D900E53508 /* GlowModifier.swift */; };
		801577A42BDB8C5A00E53508 /* CapsuleProgressView.swift in Sources */ = {isa = PBXBuildFile; fileRef = 801577A32BDB8C5A00E53508 /* CapsuleProgressView.swift */; };
		801577A62BDB8D8900E53508 /* CapsuleProgress2View.swift in Sources */ = {isa = PBXBuildFile; fileRef = 801577A52BDB8D8900E53508 /* CapsuleProgress2View.swift */; };
		801577A82BDB9B5900E53508 /* LoadingButtonStyle.swift in Sources */ = {isa = PBXBuildFile; fileRef = 801577A72BDB9B5900E53508 /* LoadingButtonStyle.swift */; };
		801577AA2BDBF7AF00E53508 /* EncapsulateModifier.swift in Sources */ = {isa = PBXBuildFile; fileRef = 801577A92BDBF7AF00E53508 /* EncapsulateModifier.swift */; };
		801577AC2BDC079300E53508 /* View+Extensions.swift in Sources */ = {isa = PBXBuildFile; fileRef = 801577AB2BDC079300E53508 /* View+Extensions.swift */; };
		801577AE2BDCD00300E53508 /* BarProgressStyle.swift in Sources */ = {isa = PBXBuildFile; fileRef = 801577AD2BDCD00300E53508 /* BarProgressStyle.swift */; };
		802B23CF2C09980F00E0CAB3 /* ToastModel.swift in Sources */ = {isa = PBXBuildFile; fileRef = 802B23CA2C09980F00E0CAB3 /* ToastModel.swift */; };
		802B23D02C09980F00E0CAB3 /* ToastModifier.swift in Sources */ = {isa = PBXBuildFile; fileRef = 802B23CB2C09980F00E0CAB3 /* ToastModifier.swift */; };
		802B23D12C09980F00E0CAB3 /* ToastStyle.swift in Sources */ = {isa = PBXBuildFile; fileRef = 802B23CC2C09980F00E0CAB3 /* ToastStyle.swift */; };
		802B23D22C09980F00E0CAB3 /* ToastView.swift in Sources */ = {isa = PBXBuildFile; fileRef = 802B23CD2C09980F00E0CAB3 /* ToastView.swift */; };
		80D775032BC92BF600333802 /* Binding+Extensions.swift in Sources */ = {isa = PBXBuildFile; fileRef = 80D775022BC92BF600333802 /* Binding+Extensions.swift */; };
		80D775052BC9929800333802 /* HeaderAndScrollView.swift in Sources */ = {isa = PBXBuildFile; fileRef = 80D775042BC9929800333802 /* HeaderAndScrollView.swift */; };
		80D775152BCFFADE00333802 /* PresentToastView.swift in Sources */ = {isa = PBXBuildFile; fileRef = 80D775142BCFFADE00333802 /* PresentToastView.swift */; };
		80F8AADA2C19476C0029BFC2 /* ToasterView.swift in Sources */ = {isa = PBXBuildFile; fileRef = 80F8AAD92C19476C0029BFC2 /* ToasterView.swift */; };
		80F8AADB2C194C420029BFC2 /* CapsuleView.swift in Sources */ = {isa = PBXBuildFile; fileRef = 80D775172BD03A0900333802 /* CapsuleView.swift */; };
		80F8AADD2C194CB00029BFC2 /* ToasterStyle.swift in Sources */ = {isa = PBXBuildFile; fileRef = 80F8AADC2C194CB00029BFC2 /* ToasterStyle.swift */; };
/* End PBXBuildFile section */

/* Begin PBXContainerItemProxy section */
		801052DF2BC5119500C042A8 /* PBXContainerItemProxy */ = {
			isa = PBXContainerItemProxy;
			containerPortal = 801052C62BC5119400C042A8 /* Project object */;
			proxyType = 1;
			remoteGlobalIDString = 801052CD2BC5119400C042A8;
			remoteInfo = ViewThatFits;
		};
		801052E92BC5119500C042A8 /* PBXContainerItemProxy */ = {
			isa = PBXContainerItemProxy;
			containerPortal = 801052C62BC5119400C042A8 /* Project object */;
			proxyType = 1;
			remoteGlobalIDString = 801052CD2BC5119400C042A8;
			remoteInfo = ViewThatFits;
		};
/* End PBXContainerItemProxy section */

/* Begin PBXFileReference section */
		801052CE2BC5119400C042A8 /* ViewThatFits.app */ = {isa = PBXFileReference; explicitFileType = wrapper.application; includeInIndex = 0; path = ViewThatFits.app; sourceTree = BUILT_PRODUCTS_DIR; };
		801052D12BC5119400C042A8 /* ViewThatFitsApp.swift */ = {isa = PBXFileReference; lastKnownFileType = sourcecode.swift; path = ViewThatFitsApp.swift; sourceTree = "<group>"; };
		801052D32BC5119400C042A8 /* ContentView.swift */ = {isa = PBXFileReference; lastKnownFileType = sourcecode.swift; path = ContentView.swift; sourceTree = "<group>"; };
		801052D52BC5119500C042A8 /* Assets.xcassets */ = {isa = PBXFileReference; lastKnownFileType = folder.assetcatalog; path = Assets.xcassets; sourceTree = "<group>"; };
		801052D82BC5119500C042A8 /* Preview Assets.xcassets */ = {isa = PBXFileReference; lastKnownFileType = folder.assetcatalog; path = "Preview Assets.xcassets"; sourceTree = "<group>"; };
		801052DE2BC5119500C042A8 /* ViewThatFitsTests.xctest */ = {isa = PBXFileReference; explicitFileType = wrapper.cfbundle; includeInIndex = 0; path = ViewThatFitsTests.xctest; sourceTree = BUILT_PRODUCTS_DIR; };
		801052E22BC5119500C042A8 /* ViewThatFitsTests.swift */ = {isa = PBXFileReference; lastKnownFileType = sourcecode.swift; path = ViewThatFitsTests.swift; sourceTree = "<group>"; };
		801052E82BC5119500C042A8 /* ViewThatFitsUITests.xctest */ = {isa = PBXFileReference; explicitFileType = wrapper.cfbundle; includeInIndex = 0; path = ViewThatFitsUITests.xctest; sourceTree = BUILT_PRODUCTS_DIR; };
		801052EC2BC5119500C042A8 /* ViewThatFitsUITests.swift */ = {isa = PBXFileReference; lastKnownFileType = sourcecode.swift; path = ViewThatFitsUITests.swift; sourceTree = "<group>"; };
		801052EE2BC5119500C042A8 /* ViewThatFitsUITestsLaunchTests.swift */ = {isa = PBXFileReference; lastKnownFileType = sourcecode.swift; path = ViewThatFitsUITestsLaunchTests.swift; sourceTree = "<group>"; };
		801052FB2BC532EF00C042A8 /* ViewThatFitsView.swift */ = {isa = PBXFileReference; lastKnownFileType = sourcecode.swift; path = ViewThatFitsView.swift; sourceTree = "<group>"; };
		801052FD2BC5358000C042A8 /* GeometryReader3dView.swift */ = {isa = PBXFileReference; lastKnownFileType = sourcecode.swift; path = GeometryReader3dView.swift; sourceTree = "<group>"; };
		801053012BC538FD00C042A8 /* ScrollViewReaderView.swift */ = {isa = PBXFileReference; lastKnownFileType = sourcecode.swift; path = ScrollViewReaderView.swift; sourceTree = "<group>"; };
		801053032BC57C2F00C042A8 /* RomanNumeralFormatter.swift */ = {isa = PBXFileReference; lastKnownFileType = sourcecode.swift; path = RomanNumeralFormatter.swift; sourceTree = "<group>"; };
		801053052BC57E6B00C042A8 /* GestureView.swift */ = {isa = PBXFileReference; lastKnownFileType = sourcecode.swift; path = GestureView.swift; sourceTree = "<group>"; };
		801053082BC5801900C042A8 /* TemplateView.swift */ = {isa = PBXFileReference; lastKnownFileType = sourcecode.swift; path = TemplateView.swift; sourceTree = "<group>"; };
		8010530A2BC5A19700C042A8 /* SearchView.swift */ = {isa = PBXFileReference; lastKnownFileType = sourcecode.swift; path = SearchView.swift; sourceTree = "<group>"; };
		8010530C2BC5B45800C042A8 /* SearchWithTokenView.swift */ = {isa = PBXFileReference; lastKnownFileType = sourcecode.swift; path = SearchWithTokenView.swift; sourceTree = "<group>"; };
		801053102BC645F600C042A8 /* ViewAnim+Extensions.swift */ = {isa = PBXFileReference; lastKnownFileType = sourcecode.swift; path = "ViewAnim+Extensions.swift"; sourceTree = "<group>"; };
		801053132BC6474800C042A8 /* AnimationView.swift */ = {isa = PBXFileReference; lastKnownFileType = sourcecode.swift; path = AnimationView.swift; sourceTree = "<group>"; };
		801053152BC65AA100C042A8 /* AnimatableVector.swift */ = {isa = PBXFileReference; lastKnownFileType = sourcecode.swift; path = AnimatableVector.swift; sourceTree = "<group>"; };
		801053172BC65B1C00C042A8 /* LineChart.swift */ = {isa = PBXFileReference; lastKnownFileType = sourcecode.swift; path = LineChart.swift; sourceTree = "<group>"; };
		801053192BC67D8900C042A8 /* PhaseAnimatorView.swift */ = {isa = PBXFileReference; lastKnownFileType = sourcecode.swift; path = PhaseAnimatorView.swift; sourceTree = "<group>"; };
		8010531B2BC6C96200C042A8 /* PresentDetailView.swift */ = {isa = PBXFileReference; lastKnownFileType = sourcecode.swift; path = PresentDetailView.swift; sourceTree = "<group>"; };
		8010531D2BC6D95C00C042A8 /* DraggableModifier.swift */ = {isa = PBXFileReference; fileEncoding = 4; lastKnownFileType = sourcecode.swift; path = DraggableModifier.swift; sourceTree = "<group>"; };
		8010531F2BC6D9F900C042A8 /* PresentContainerView.swift */ = {isa = PBXFileReference; fileEncoding = 4; lastKnownFileType = sourcecode.swift; path = PresentContainerView.swift; sourceTree = "<group>"; };
		801053212BC6FB3400C042A8 /* HiddenModifier.swift */ = {isa = PBXFileReference; fileEncoding = 4; lastKnownFileType = sourcecode.swift; path = HiddenModifier.swift; sourceTree = "<group>"; };
		8015779B2BDB811000E53508 /* ButtonsView.swift */ = {isa = PBXFileReference; lastKnownFileType = sourcecode.swift; path = ButtonsView.swift; sourceTree = "<group>"; };
		8015779D2BDB818E00E53508 /* MainButtonStyle.swift */ = {isa = PBXFileReference; fileEncoding = 4; lastKnownFileType = sourcecode.swift; path = MainButtonStyle.swift; sourceTree = "<group>"; };
		801577A12BDB88D900E53508 /* GlowModifier.swift */ = {isa = PBXFileReference; lastKnownFileType = sourcecode.swift; path = GlowModifier.swift; sourceTree = "<group>"; };
		801577A32BDB8C5A00E53508 /* CapsuleProgressView.swift */ = {isa = PBXFileReference; lastKnownFileType = sourcecode.swift; path = CapsuleProgressView.swift; sourceTree = "<group>"; };
		801577A52BDB8D8900E53508 /* CapsuleProgress2View.swift */ = {isa = PBXFileReference; lastKnownFileType = sourcecode.swift; path = CapsuleProgress2View.swift; sourceTree = "<group>"; };
		801577A72BDB9B5900E53508 /* LoadingButtonStyle.swift */ = {isa = PBXFileReference; lastKnownFileType = sourcecode.swift; path = LoadingButtonStyle.swift; sourceTree = "<group>"; };
		801577A92BDBF7AF00E53508 /* EncapsulateModifier.swift */ = {isa = PBXFileReference; lastKnownFileType = sourcecode.swift; path = EncapsulateModifier.swift; sourceTree = "<group>"; };
		801577AB2BDC079300E53508 /* View+Extensions.swift */ = {isa = PBXFileReference; fileEncoding = 4; lastKnownFileType = sourcecode.swift; name = "View+Extensions.swift"; path = "../../../../../23 - Mayafit/Maya/MayaFit/Core/Tools/Extensions/View+Extensions.swift"; sourceTree = "<group>"; };
		801577AD2BDCD00300E53508 /* BarProgressStyle.swift */ = {isa = PBXFileReference; fileEncoding = 4; lastKnownFileType = sourcecode.swift; path = BarProgressStyle.swift; sourceTree = "<group>"; };
		802B23CA2C09980F00E0CAB3 /* ToastModel.swift */ = {isa = PBXFileReference; fileEncoding = 4; lastKnownFileType = sourcecode.swift; path = ToastModel.swift; sourceTree = "<group>"; };
		802B23CB2C09980F00E0CAB3 /* ToastModifier.swift */ = {isa = PBXFileReference; fileEncoding = 4; lastKnownFileType = sourcecode.swift; path = ToastModifier.swift; sourceTree = "<group>"; };
		802B23CC2C09980F00E0CAB3 /* ToastStyle.swift */ = {isa = PBXFileReference; fileEncoding = 4; lastKnownFileType = sourcecode.swift; path = ToastStyle.swift; sourceTree = "<group>"; };
		802B23CD2C09980F00E0CAB3 /* ToastView.swift */ = {isa = PBXFileReference; fileEncoding = 4; lastKnownFileType = sourcecode.swift; path = ToastView.swift; sourceTree = "<group>"; };
		80D775022BC92BF600333802 /* Binding+Extensions.swift */ = {isa = PBXFileReference; lastKnownFileType = sourcecode.swift; path = "Binding+Extensions.swift"; sourceTree = "<group>"; };
		80D775042BC9929800333802 /* HeaderAndScrollView.swift */ = {isa = PBXFileReference; lastKnownFileType = sourcecode.swift; path = HeaderAndScrollView.swift; sourceTree = "<group>"; };
		80D775142BCFFADE00333802 /* PresentToastView.swift */ = {isa = PBXFileReference; lastKnownFileType = sourcecode.swift; path = PresentToastView.swift; sourceTree = "<group>"; };
		80D775172BD03A0900333802 /* CapsuleView.swift */ = {isa = PBXFileReference; lastKnownFileType = sourcecode.swift; path = CapsuleView.swift; sourceTree = "<group>"; };
		80F8AAD92C19476C0029BFC2 /* ToasterView.swift */ = {isa = PBXFileReference; fileEncoding = 4; lastKnownFileType = sourcecode.swift; path = ToasterView.swift; sourceTree = "<group>"; };
		80F8AADC2C194CB00029BFC2 /* ToasterStyle.swift */ = {isa = PBXFileReference; fileEncoding = 4; lastKnownFileType = sourcecode.swift; path = ToasterStyle.swift; sourceTree = "<group>"; };
/* End PBXFileReference section */

/* Begin PBXFrameworksBuildPhase section */
		801052CB2BC5119400C042A8 /* Frameworks */ = {
			isa = PBXFrameworksBuildPhase;
			buildActionMask = 2147483647;
			files = (
			);
			runOnlyForDeploymentPostprocessing = 0;
		};
		801052DB2BC5119500C042A8 /* Frameworks */ = {
			isa = PBXFrameworksBuildPhase;
			buildActionMask = 2147483647;
			files = (
			);
			runOnlyForDeploymentPostprocessing = 0;
		};
		801052E52BC5119500C042A8 /* Frameworks */ = {
			isa = PBXFrameworksBuildPhase;
			buildActionMask = 2147483647;
			files = (
			);
			runOnlyForDeploymentPostprocessing = 0;
		};
/* End PBXFrameworksBuildPhase section */

/* Begin PBXGroup section */
		801052C52BC5119400C042A8 = {
			isa = PBXGroup;
			children = (
				801052D02BC5119400C042A8 /* ViewThatFits */,
				801052E12BC5119500C042A8 /* ViewThatFitsTests */,
				801052EB2BC5119500C042A8 /* ViewThatFitsUITests */,
				801052CF2BC5119400C042A8 /* Products */,
			);
			sourceTree = "<group>";
		};
		801052CF2BC5119400C042A8 /* Products */ = {
			isa = PBXGroup;
			children = (
				801052CE2BC5119400C042A8 /* ViewThatFits.app */,
				801052DE2BC5119500C042A8 /* ViewThatFitsTests.xctest */,
				801052E82BC5119500C042A8 /* ViewThatFitsUITests.xctest */,
			);
			name = Products;
			sourceTree = "<group>";
		};
		801052D02BC5119400C042A8 /* ViewThatFits */ = {
			isa = PBXGroup;
			children = (
				801052D12BC5119400C042A8 /* ViewThatFitsApp.swift */,
				801052D32BC5119400C042A8 /* ContentView.swift */,
				801053122BC6472C00C042A8 /* Screens */,
				801053082BC5801900C042A8 /* TemplateView.swift */,
				801053072BC57E8100C042A8 /* Tools */,
				801052D52BC5119500C042A8 /* Assets.xcassets */,
				801052D72BC5119500C042A8 /* Preview Content */,
			);
			path = ViewThatFits;
			sourceTree = "<group>";
		};
		801052D72BC5119500C042A8 /* Preview Content */ = {
			isa = PBXGroup;
			children = (
				801052D82BC5119500C042A8 /* Preview Assets.xcassets */,
			);
			path = "Preview Content";
			sourceTree = "<group>";
		};
		801052E12BC5119500C042A8 /* ViewThatFitsTests */ = {
			isa = PBXGroup;
			children = (
				801052E22BC5119500C042A8 /* ViewThatFitsTests.swift */,
			);
			path = ViewThatFitsTests;
			sourceTree = "<group>";
		};
		801052EB2BC5119500C042A8 /* ViewThatFitsUITests */ = {
			isa = PBXGroup;
			children = (
				801052EC2BC5119500C042A8 /* ViewThatFitsUITests.swift */,
				801052EE2BC5119500C042A8 /* ViewThatFitsUITestsLaunchTests.swift */,
			);
			path = ViewThatFitsUITests;
			sourceTree = "<group>";
		};
		801053072BC57E8100C042A8 /* Tools */ = {
			isa = PBXGroup;
			children = (
				801053032BC57C2F00C042A8 /* RomanNumeralFormatter.swift */,
				8015779F2BDB822000E53508 /* ViewModifiers */,
				801053102BC645F600C042A8 /* ViewAnim+Extensions.swift */,
				801577AB2BDC079300E53508 /* View+Extensions.swift */,
				801053152BC65AA100C042A8 /* AnimatableVector.swift */,
				801053172BC65B1C00C042A8 /* LineChart.swift */,
				8010531D2BC6D95C00C042A8 /* DraggableModifier.swift */,
				8010531F2BC6D9F900C042A8 /* PresentContainerView.swift */,
				801053212BC6FB3400C042A8 /* HiddenModifier.swift */,
				80D775022BC92BF600333802 /* Binding+Extensions.swift */,
				80F8AAD62C19471F0029BFC2 /* Toaster */,
				80D775162BD039EB00333802 /* Capsule */,
				802B23CE2C09980F00E0CAB3 /* Toast */,
				801577A12BDB88D900E53508 /* GlowModifier.swift */,
				801577A32BDB8C5A00E53508 /* CapsuleProgressView.swift */,
				801577A52BDB8D8900E53508 /* CapsuleProgress2View.swift */,
			);
			path = Tools;
			sourceTree = "<group>";
		};
		801053122BC6472C00C042A8 /* Screens */ = {
			isa = PBXGroup;
			children = (
				8015779B2BDB811000E53508 /* ButtonsView.swift */,
				801052FB2BC532EF00C042A8 /* ViewThatFitsView.swift */,
				801052FD2BC5358000C042A8 /* GeometryReader3dView.swift */,
				801053012BC538FD00C042A8 /* ScrollViewReaderView.swift */,
				801053052BC57E6B00C042A8 /* GestureView.swift */,
				8010530A2BC5A19700C042A8 /* SearchView.swift */,
				8010530C2BC5B45800C042A8 /* SearchWithTokenView.swift */,
				801053132BC6474800C042A8 /* AnimationView.swift */,
				801053192BC67D8900C042A8 /* PhaseAnimatorView.swift */,
				8010531B2BC6C96200C042A8 /* PresentDetailView.swift */,
				80D775042BC9929800333802 /* HeaderAndScrollView.swift */,
				80D775142BCFFADE00333802 /* PresentToastView.swift */,
			);
			path = Screens;
			sourceTree = "<group>";
		};
		8015779F2BDB822000E53508 /* ViewModifiers */ = {
			isa = PBXGroup;
			children = (
				801577AD2BDCD00300E53508 /* BarProgressStyle.swift */,
				8015779D2BDB818E00E53508 /* MainButtonStyle.swift */,
				801577A72BDB9B5900E53508 /* LoadingButtonStyle.swift */,
				801577A92BDBF7AF00E53508 /* EncapsulateModifier.swift */,
			);
			path = ViewModifiers;
			sourceTree = "<group>";
		};
		802B23CE2C09980F00E0CAB3 /* Toast */ = {
			isa = PBXGroup;
			children = (
				802B23CA2C09980F00E0CAB3 /* ToastModel.swift */,
				802B23CB2C09980F00E0CAB3 /* ToastModifier.swift */,
				802B23CC2C09980F00E0CAB3 /* ToastStyle.swift */,
				802B23CD2C09980F00E0CAB3 /* ToastView.swift */,
			);
			path = Toast;
			sourceTree = "<group>";
		};
		80D775162BD039EB00333802 /* Capsule */ = {
			isa = PBXGroup;
			children = (
				80D775172BD03A0900333802 /* CapsuleView.swift */,
			);
			path = Capsule;
			sourceTree = "<group>";
		};
		80F8AAD62C19471F0029BFC2 /* Toaster */ = {
			isa = PBXGroup;
			children = (
				80F8AADC2C194CB00029BFC2 /* ToasterStyle.swift */,
				80F8AAD92C19476C0029BFC2 /* ToasterView.swift */,
			);
			path = Toaster;
			sourceTree = "<group>";
		};
/* End PBXGroup section */

/* Begin PBXNativeTarget section */
		801052CD2BC5119400C042A8 /* ViewThatFits */ = {
			isa = PBXNativeTarget;
			buildConfigurationList = 801052F22BC5119500C042A8 /* Build configuration list for PBXNativeTarget "ViewThatFits" */;
			buildPhases = (
				801052CA2BC5119400C042A8 /* Sources */,
				801052CB2BC5119400C042A8 /* Frameworks */,
				801052CC2BC5119400C042A8 /* Resources */,
			);
			buildRules = (
			);
			dependencies = (
			);
			name = ViewThatFits;
			productName = ViewThatFits;
			productReference = 801052CE2BC5119400C042A8 /* ViewThatFits.app */;
			productType = "com.apple.product-type.application";
		};
		801052DD2BC5119500C042A8 /* ViewThatFitsTests */ = {
			isa = PBXNativeTarget;
			buildConfigurationList = 801052F52BC5119500C042A8 /* Build configuration list for PBXNativeTarget "ViewThatFitsTests" */;
			buildPhases = (
				801052DA2BC5119500C042A8 /* Sources */,
				801052DB2BC5119500C042A8 /* Frameworks */,
				801052DC2BC5119500C042A8 /* Resources */,
			);
			buildRules = (
			);
			dependencies = (
				801052E02BC5119500C042A8 /* PBXTargetDependency */,
			);
			name = ViewThatFitsTests;
			productName = ViewThatFitsTests;
			productReference = 801052DE2BC5119500C042A8 /* ViewThatFitsTests.xctest */;
			productType = "com.apple.product-type.bundle.unit-test";
		};
		801052E72BC5119500C042A8 /* ViewThatFitsUITests */ = {
			isa = PBXNativeTarget;
			buildConfigurationList = 801052F82BC5119500C042A8 /* Build configuration list for PBXNativeTarget "ViewThatFitsUITests" */;
			buildPhases = (
				801052E42BC5119500C042A8 /* Sources */,
				801052E52BC5119500C042A8 /* Frameworks */,
				801052E62BC5119500C042A8 /* Resources */,
			);
			buildRules = (
			);
			dependencies = (
				801052EA2BC5119500C042A8 /* PBXTargetDependency */,
			);
			name = ViewThatFitsUITests;
			productName = ViewThatFitsUITests;
			productReference = 801052E82BC5119500C042A8 /* ViewThatFitsUITests.xctest */;
			productType = "com.apple.product-type.bundle.ui-testing";
		};
/* End PBXNativeTarget section */

/* Begin PBXProject section */
		801052C62BC5119400C042A8 /* Project object */ = {
			isa = PBXProject;
			attributes = {
				BuildIndependentTargetsInParallel = 1;
				LastSwiftUpdateCheck = 1530;
				LastUpgradeCheck = 1530;
				TargetAttributes = {
					801052CD2BC5119400C042A8 = {
						CreatedOnToolsVersion = 15.3;
					};
					801052DD2BC5119500C042A8 = {
						CreatedOnToolsVersion = 15.3;
						TestTargetID = 801052CD2BC5119400C042A8;
					};
					801052E72BC5119500C042A8 = {
						CreatedOnToolsVersion = 15.3;
						TestTargetID = 801052CD2BC5119400C042A8;
					};
				};
			};
			buildConfigurationList = 801052C92BC5119400C042A8 /* Build configuration list for PBXProject "ViewThatFits" */;
			compatibilityVersion = "Xcode 14.0";
			developmentRegion = en;
			hasScannedForEncodings = 0;
			knownRegions = (
				en,
				Base,
			);
			mainGroup = 801052C52BC5119400C042A8;
			productRefGroup = 801052CF2BC5119400C042A8 /* Products */;
			projectDirPath = "";
			projectRoot = "";
			targets = (
				801052CD2BC5119400C042A8 /* ViewThatFits */,
				801052DD2BC5119500C042A8 /* ViewThatFitsTests */,
				801052E72BC5119500C042A8 /* ViewThatFitsUITests */,
			);
		};
/* End PBXProject section */

/* Begin PBXResourcesBuildPhase section */
		801052CC2BC5119400C042A8 /* Resources */ = {
			isa = PBXResourcesBuildPhase;
			buildActionMask = 2147483647;
			files = (
				801052D92BC5119500C042A8 /* Preview Assets.xcassets in Resources */,
				801052D62BC5119500C042A8 /* Assets.xcassets in Resources */,
			);
			runOnlyForDeploymentPostprocessing = 0;
		};
		801052DC2BC5119500C042A8 /* Resources */ = {
			isa = PBXResourcesBuildPhase;
			buildActionMask = 2147483647;
			files = (
			);
			runOnlyForDeploymentPostprocessing = 0;
		};
		801052E62BC5119500C042A8 /* Resources */ = {
			isa = PBXResourcesBuildPhase;
			buildActionMask = 2147483647;
			files = (
			);
			runOnlyForDeploymentPostprocessing = 0;
		};
/* End PBXResourcesBuildPhase section */

/* Begin PBXSourcesBuildPhase section */
		801052CA2BC5119400C042A8 /* Sources */ = {
			isa = PBXSourcesBuildPhase;
			buildActionMask = 2147483647;
			files = (
				801053162BC65AA100C042A8 /* AnimatableVector.swift in Sources */,
				801577AC2BDC079300E53508 /* View+Extensions.swift in Sources */,
				801577A82BDB9B5900E53508 /* LoadingButtonStyle.swift in Sources */,
				8010531C2BC6C96200C042A8 /* PresentDetailView.swift in Sources */,
				801053022BC538FD00C042A8 /* ScrollViewReaderView.swift in Sources */,
				802B23D12C09980F00E0CAB3 /* ToastStyle.swift in Sources */,
				801577A42BDB8C5A00E53508 /* CapsuleProgressView.swift in Sources */,
				80D775052BC9929800333802 /* HeaderAndScrollView.swift in Sources */,
				8010530B2BC5A19700C042A8 /* SearchView.swift in Sources */,
				802B23D02C09980F00E0CAB3 /* ToastModifier.swift in Sources */,
				801053222BC6FB3400C042A8 /* HiddenModifier.swift in Sources */,
				8015779C2BDB811000E53508 /* ButtonsView.swift in Sources */,
				80F8AADD2C194CB00029BFC2 /* ToasterStyle.swift in Sources */,
				801577A62BDB8D8900E53508 /* CapsuleProgress2View.swift in Sources */,
				80D775032BC92BF600333802 /* Binding+Extensions.swift in Sources */,
				801577AE2BDCD00300E53508 /* BarProgressStyle.swift in Sources */,
				801053202BC6D9F900C042A8 /* PresentContainerView.swift in Sources */,
				802B23D22C09980F00E0CAB3 /* ToastView.swift in Sources */,
				801053112BC645F600C042A8 /* ViewAnim+Extensions.swift in Sources */,
				8010531A2BC67D8900C042A8 /* PhaseAnimatorView.swift in Sources */,
				801053182BC65B1C00C042A8 /* LineChart.swift in Sources */,
				801052FC2BC532EF00C042A8 /* ViewThatFitsView.swift in Sources */,
				802B23CF2C09980F00E0CAB3 /* ToastModel.swift in Sources */,
				80D775152BCFFADE00333802 /* PresentToastView.swift in Sources */,
				801052D42BC5119400C042A8 /* ContentView.swift in Sources */,
				801577A02BDB824100E53508 /* MainButtonStyle.swift in Sources */,
				801577AA2BDBF7AF00E53508 /* EncapsulateModifier.swift in Sources */,
				801053062BC57E6B00C042A8 /* GestureView.swift in Sources */,
				801053092BC5801900C042A8 /* TemplateView.swift in Sources */,
				801053042BC57C2F00C042A8 /* RomanNumeralFormatter.swift in Sources */,
				801052FE2BC5358000C042A8 /* GeometryReader3dView.swift in Sources */,
				801053142BC6474800C042A8 /* AnimationView.swift in Sources */,
				8010531E2BC6D95C00C042A8 /* DraggableModifier.swift in Sources */,
				801577A22BDB88D900E53508 /* GlowModifier.swift in Sources */,
				8010530D2BC5B45800C042A8 /* SearchWithTokenView.swift in Sources */,
				80F8AADB2C194C420029BFC2 /* CapsuleView.swift in Sources */,
				80F8AADA2C19476C0029BFC2 /* ToasterView.swift in Sources */,
				801052D22BC5119400C042A8 /* ViewThatFitsApp.swift in Sources */,
			);
			runOnlyForDeploymentPostprocessing = 0;
		};
		801052DA2BC5119500C042A8 /* Sources */ = {
			isa = PBXSourcesBuildPhase;
			buildActionMask = 2147483647;
			files = (
				801052E32BC5119500C042A8 /* ViewThatFitsTests.swift in Sources */,
			);
			runOnlyForDeploymentPostprocessing = 0;
		};
		801052E42BC5119500C042A8 /* Sources */ = {
			isa = PBXSourcesBuildPhase;
			buildActionMask = 2147483647;
			files = (
				801052EF2BC5119500C042A8 /* ViewThatFitsUITestsLaunchTests.swift in Sources */,
				801052ED2BC5119500C042A8 /* ViewThatFitsUITests.swift in Sources */,
			);
			runOnlyForDeploymentPostprocessing = 0;
		};
/* End PBXSourcesBuildPhase section */

/* Begin PBXTargetDependency section */
		801052E02BC5119500C042A8 /* PBXTargetDependency */ = {
			isa = PBXTargetDependency;
			target = 801052CD2BC5119400C042A8 /* ViewThatFits */;
			targetProxy = 801052DF2BC5119500C042A8 /* PBXContainerItemProxy */;
		};
		801052EA2BC5119500C042A8 /* PBXTargetDependency */ = {
			isa = PBXTargetDependency;
			target = 801052CD2BC5119400C042A8 /* ViewThatFits */;
			targetProxy = 801052E92BC5119500C042A8 /* PBXContainerItemProxy */;
		};
/* End PBXTargetDependency section */

/* Begin XCBuildConfiguration section */
		801052F02BC5119500C042A8 /* Debug */ = {
			isa = XCBuildConfiguration;
			buildSettings = {
				ALWAYS_SEARCH_USER_PATHS = NO;
				ASSETCATALOG_COMPILER_GENERATE_SWIFT_ASSET_SYMBOL_EXTENSIONS = YES;
				CLANG_ANALYZER_NONNULL = YES;
				CLANG_ANALYZER_NUMBER_OBJECT_CONVERSION = YES_AGGRESSIVE;
				CLANG_CXX_LANGUAGE_STANDARD = "gnu++20";
				CLANG_ENABLE_MODULES = YES;
				CLANG_ENABLE_OBJC_ARC = YES;
				CLANG_ENABLE_OBJC_WEAK = YES;
				CLANG_WARN_BLOCK_CAPTURE_AUTORELEASING = YES;
				CLANG_WARN_BOOL_CONVERSION = YES;
				CLANG_WARN_COMMA = YES;
				CLANG_WARN_CONSTANT_CONVERSION = YES;
				CLANG_WARN_DEPRECATED_OBJC_IMPLEMENTATIONS = YES;
				CLANG_WARN_DIRECT_OBJC_ISA_USAGE = YES_ERROR;
				CLANG_WARN_DOCUMENTATION_COMMENTS = YES;
				CLANG_WARN_EMPTY_BODY = YES;
				CLANG_WARN_ENUM_CONVERSION = YES;
				CLANG_WARN_INFINITE_RECURSION = YES;
				CLANG_WARN_INT_CONVERSION = YES;
				CLANG_WARN_NON_LITERAL_NULL_CONVERSION = YES;
				CLANG_WARN_OBJC_IMPLICIT_RETAIN_SELF = YES;
				CLANG_WARN_OBJC_LITERAL_CONVERSION = YES;
				CLANG_WARN_OBJC_ROOT_CLASS = YES_ERROR;
				CLANG_WARN_QUOTED_INCLUDE_IN_FRAMEWORK_HEADER = YES;
				CLANG_WARN_RANGE_LOOP_ANALYSIS = YES;
				CLANG_WARN_STRICT_PROTOTYPES = YES;
				CLANG_WARN_SUSPICIOUS_MOVE = YES;
				CLANG_WARN_UNGUARDED_AVAILABILITY = YES_AGGRESSIVE;
				CLANG_WARN_UNREACHABLE_CODE = YES;
				CLANG_WARN__DUPLICATE_METHOD_MATCH = YES;
				COPY_PHASE_STRIP = NO;
				DEBUG_INFORMATION_FORMAT = dwarf;
				ENABLE_STRICT_OBJC_MSGSEND = YES;
				ENABLE_TESTABILITY = YES;
				ENABLE_USER_SCRIPT_SANDBOXING = YES;
				GCC_C_LANGUAGE_STANDARD = gnu17;
				GCC_DYNAMIC_NO_PIC = NO;
				GCC_NO_COMMON_BLOCKS = YES;
				GCC_OPTIMIZATION_LEVEL = 0;
				GCC_PREPROCESSOR_DEFINITIONS = (
					"DEBUG=1",
					"$(inherited)",
				);
				GCC_WARN_64_TO_32_BIT_CONVERSION = YES;
				GCC_WARN_ABOUT_RETURN_TYPE = YES_ERROR;
				GCC_WARN_UNDECLARED_SELECTOR = YES;
				GCC_WARN_UNINITIALIZED_AUTOS = YES_AGGRESSIVE;
				GCC_WARN_UNUSED_FUNCTION = YES;
				GCC_WARN_UNUSED_VARIABLE = YES;
				IPHONEOS_DEPLOYMENT_TARGET = 17.4;
				LOCALIZATION_PREFERS_STRING_CATALOGS = YES;
				MTL_ENABLE_DEBUG_INFO = INCLUDE_SOURCE;
				MTL_FAST_MATH = YES;
				ONLY_ACTIVE_ARCH = YES;
				SDKROOT = iphoneos;
				SWIFT_ACTIVE_COMPILATION_CONDITIONS = "DEBUG $(inherited)";
				SWIFT_OPTIMIZATION_LEVEL = "-Onone";
			};
			name = Debug;
		};
		801052F12BC5119500C042A8 /* Release */ = {
			isa = XCBuildConfiguration;
			buildSettings = {
				ALWAYS_SEARCH_USER_PATHS = NO;
				ASSETCATALOG_COMPILER_GENERATE_SWIFT_ASSET_SYMBOL_EXTENSIONS = YES;
				CLANG_ANALYZER_NONNULL = YES;
				CLANG_ANALYZER_NUMBER_OBJECT_CONVERSION = YES_AGGRESSIVE;
				CLANG_CXX_LANGUAGE_STANDARD = "gnu++20";
				CLANG_ENABLE_MODULES = YES;
				CLANG_ENABLE_OBJC_ARC = YES;
				CLANG_ENABLE_OBJC_WEAK = YES;
				CLANG_WARN_BLOCK_CAPTURE_AUTORELEASING = YES;
				CLANG_WARN_BOOL_CONVERSION = YES;
				CLANG_WARN_COMMA = YES;
				CLANG_WARN_CONSTANT_CONVERSION = YES;
				CLANG_WARN_DEPRECATED_OBJC_IMPLEMENTATIONS = YES;
				CLANG_WARN_DIRECT_OBJC_ISA_USAGE = YES_ERROR;
				CLANG_WARN_DOCUMENTATION_COMMENTS = YES;
				CLANG_WARN_EMPTY_BODY = YES;
				CLANG_WARN_ENUM_CONVERSION = YES;
				CLANG_WARN_INFINITE_RECURSION = YES;
				CLANG_WARN_INT_CONVERSION = YES;
				CLANG_WARN_NON_LITERAL_NULL_CONVERSION = YES;
				CLANG_WARN_OBJC_IMPLICIT_RETAIN_SELF = YES;
				CLANG_WARN_OBJC_LITERAL_CONVERSION = YES;
				CLANG_WARN_OBJC_ROOT_CLASS = YES_ERROR;
				CLANG_WARN_QUOTED_INCLUDE_IN_FRAMEWORK_HEADER = YES;
				CLANG_WARN_RANGE_LOOP_ANALYSIS = YES;
				CLANG_WARN_STRICT_PROTOTYPES = YES;
				CLANG_WARN_SUSPICIOUS_MOVE = YES;
				CLANG_WARN_UNGUARDED_AVAILABILITY = YES_AGGRESSIVE;
				CLANG_WARN_UNREACHABLE_CODE = YES;
				CLANG_WARN__DUPLICATE_METHOD_MATCH = YES;
				COPY_PHASE_STRIP = NO;
				DEBUG_INFORMATION_FORMAT = "dwarf-with-dsym";
				ENABLE_NS_ASSERTIONS = NO;
				ENABLE_STRICT_OBJC_MSGSEND = YES;
				ENABLE_USER_SCRIPT_SANDBOXING = YES;
				GCC_C_LANGUAGE_STANDARD = gnu17;
				GCC_NO_COMMON_BLOCKS = YES;
				GCC_WARN_64_TO_32_BIT_CONVERSION = YES;
				GCC_WARN_ABOUT_RETURN_TYPE = YES_ERROR;
				GCC_WARN_UNDECLARED_SELECTOR = YES;
				GCC_WARN_UNINITIALIZED_AUTOS = YES_AGGRESSIVE;
				GCC_WARN_UNUSED_FUNCTION = YES;
				GCC_WARN_UNUSED_VARIABLE = YES;
				IPHONEOS_DEPLOYMENT_TARGET = 17.4;
				LOCALIZATION_PREFERS_STRING_CATALOGS = YES;
				MTL_ENABLE_DEBUG_INFO = NO;
				MTL_FAST_MATH = YES;
				SDKROOT = iphoneos;
				SWIFT_COMPILATION_MODE = wholemodule;
				VALIDATE_PRODUCT = YES;
			};
			name = Release;
		};
		801052F32BC5119500C042A8 /* Debug */ = {
			isa = XCBuildConfiguration;
			buildSettings = {
				ASSETCATALOG_COMPILER_APPICON_NAME = AppIcon;
				ASSETCATALOG_COMPILER_GLOBAL_ACCENT_COLOR_NAME = AccentColor;
				CODE_SIGN_STYLE = Automatic;
				CURRENT_PROJECT_VERSION = 1;
				DEVELOPMENT_ASSET_PATHS = "\"ViewThatFits/Preview Content\"";
				DEVELOPMENT_TEAM = L8NRHDDSWG;
				ENABLE_PREVIEWS = YES;
				GENERATE_INFOPLIST_FILE = YES;
				INFOPLIST_KEY_UIApplicationSceneManifest_Generation = YES;
				INFOPLIST_KEY_UIApplicationSupportsIndirectInputEvents = YES;
				INFOPLIST_KEY_UILaunchScreen_Generation = YES;
				INFOPLIST_KEY_UISupportedInterfaceOrientations_iPad = "UIInterfaceOrientationPortrait UIInterfaceOrientationPortraitUpsideDown UIInterfaceOrientationLandscapeLeft UIInterfaceOrientationLandscapeRight";
				INFOPLIST_KEY_UISupportedInterfaceOrientations_iPhone = "UIInterfaceOrientationPortrait UIInterfaceOrientationLandscapeLeft UIInterfaceOrientationLandscapeRight";
				LD_RUNPATH_SEARCH_PATHS = (
					"$(inherited)",
					"@executable_path/Frameworks",
				);
				MARKETING_VERSION = 1.0;
				PRODUCT_BUNDLE_IDENTIFIER = me.jeoffrey.ViewThatFits;
				PRODUCT_NAME = "$(TARGET_NAME)";
				SWIFT_EMIT_LOC_STRINGS = YES;
				SWIFT_VERSION = 5.0;
				TARGETED_DEVICE_FAMILY = "1,2";
			};
			name = Debug;
		};
		801052F42BC5119500C042A8 /* Release */ = {
			isa = XCBuildConfiguration;
			buildSettings = {
				ASSETCATALOG_COMPILER_APPICON_NAME = AppIcon;
				ASSETCATALOG_COMPILER_GLOBAL_ACCENT_COLOR_NAME = AccentColor;
				CODE_SIGN_STYLE = Automatic;
				CURRENT_PROJECT_VERSION = 1;
				DEVELOPMENT_ASSET_PATHS = "\"ViewThatFits/Preview Content\"";
				DEVELOPMENT_TEAM = L8NRHDDSWG;
				ENABLE_PREVIEWS = YES;
				GENERATE_INFOPLIST_FILE = YES;
				INFOPLIST_KEY_UIApplicationSceneManifest_Generation = YES;
				INFOPLIST_KEY_UIApplicationSupportsIndirectInputEvents = YES;
				INFOPLIST_KEY_UILaunchScreen_Generation = YES;
				INFOPLIST_KEY_UISupportedInterfaceOrientations_iPad = "UIInterfaceOrientationPortrait UIInterfaceOrientationPortraitUpsideDown UIInterfaceOrientationLandscapeLeft UIInterfaceOrientationLandscapeRight";
				INFOPLIST_KEY_UISupportedInterfaceOrientations_iPhone = "UIInterfaceOrientationPortrait UIInterfaceOrientationLandscapeLeft UIInterfaceOrientationLandscapeRight";
				LD_RUNPATH_SEARCH_PATHS = (
					"$(inherited)",
					"@executable_path/Frameworks",
				);
				MARKETING_VERSION = 1.0;
				PRODUCT_BUNDLE_IDENTIFIER = me.jeoffrey.ViewThatFits;
				PRODUCT_NAME = "$(TARGET_NAME)";
				SWIFT_EMIT_LOC_STRINGS = YES;
				SWIFT_VERSION = 5.0;
				TARGETED_DEVICE_FAMILY = "1,2";
			};
			name = Release;
		};
		801052F62BC5119500C042A8 /* Debug */ = {
			isa = XCBuildConfiguration;
			buildSettings = {
				ALWAYS_EMBED_SWIFT_STANDARD_LIBRARIES = YES;
				BUNDLE_LOADER = "$(TEST_HOST)";
				CODE_SIGN_STYLE = Automatic;
				CURRENT_PROJECT_VERSION = 1;
				DEVELOPMENT_TEAM = L8NRHDDSWG;
				GENERATE_INFOPLIST_FILE = YES;
				IPHONEOS_DEPLOYMENT_TARGET = 17.4;
				MARKETING_VERSION = 1.0;
				PRODUCT_BUNDLE_IDENTIFIER = me.jeoffrey.ViewThatFitsTests;
				PRODUCT_NAME = "$(TARGET_NAME)";
				SWIFT_EMIT_LOC_STRINGS = NO;
				SWIFT_VERSION = 5.0;
				TARGETED_DEVICE_FAMILY = "1,2";
				TEST_HOST = "$(BUILT_PRODUCTS_DIR)/ViewThatFits.app/$(BUNDLE_EXECUTABLE_FOLDER_PATH)/ViewThatFits";
			};
			name = Debug;
		};
		801052F72BC5119500C042A8 /* Release */ = {
			isa = XCBuildConfiguration;
			buildSettings = {
				ALWAYS_EMBED_SWIFT_STANDARD_LIBRARIES = YES;
				BUNDLE_LOADER = "$(TEST_HOST)";
				CODE_SIGN_STYLE = Automatic;
				CURRENT_PROJECT_VERSION = 1;
				DEVELOPMENT_TEAM = L8NRHDDSWG;
				GENERATE_INFOPLIST_FILE = YES;
				IPHONEOS_DEPLOYMENT_TARGET = 17.4;
				MARKETING_VERSION = 1.0;
				PRODUCT_BUNDLE_IDENTIFIER = me.jeoffrey.ViewThatFitsTests;
				PRODUCT_NAME = "$(TARGET_NAME)";
				SWIFT_EMIT_LOC_STRINGS = NO;
				SWIFT_VERSION = 5.0;
				TARGETED_DEVICE_FAMILY = "1,2";
				TEST_HOST = "$(BUILT_PRODUCTS_DIR)/ViewThatFits.app/$(BUNDLE_EXECUTABLE_FOLDER_PATH)/ViewThatFits";
			};
			name = Release;
		};
		801052F92BC5119500C042A8 /* Debug */ = {
			isa = XCBuildConfiguration;
			buildSettings = {
				ALWAYS_EMBED_SWIFT_STANDARD_LIBRARIES = YES;
				CODE_SIGN_STYLE = Automatic;
				CURRENT_PROJECT_VERSION = 1;
				DEVELOPMENT_TEAM = L8NRHDDSWG;
				GENERATE_INFOPLIST_FILE = YES;
				MARKETING_VERSION = 1.0;
				PRODUCT_BUNDLE_IDENTIFIER = me.jeoffrey.ViewThatFitsUITests;
				PRODUCT_NAME = "$(TARGET_NAME)";
				SWIFT_EMIT_LOC_STRINGS = NO;
				SWIFT_VERSION = 5.0;
				TARGETED_DEVICE_FAMILY = "1,2";
				TEST_TARGET_NAME = ViewThatFits;
			};
			name = Debug;
		};
		801052FA2BC5119500C042A8 /* Release */ = {
			isa = XCBuildConfiguration;
			buildSettings = {
				ALWAYS_EMBED_SWIFT_STANDARD_LIBRARIES = YES;
				CODE_SIGN_STYLE = Automatic;
				CURRENT_PROJECT_VERSION = 1;
				DEVELOPMENT_TEAM = L8NRHDDSWG;
				GENERATE_INFOPLIST_FILE = YES;
				MARKETING_VERSION = 1.0;
				PRODUCT_BUNDLE_IDENTIFIER = me.jeoffrey.ViewThatFitsUITests;
				PRODUCT_NAME = "$(TARGET_NAME)";
				SWIFT_EMIT_LOC_STRINGS = NO;
				SWIFT_VERSION = 5.0;
				TARGETED_DEVICE_FAMILY = "1,2";
				TEST_TARGET_NAME = ViewThatFits;
			};
			name = Release;
		};
/* End XCBuildConfiguration section */

/* Begin XCConfigurationList section */
		801052C92BC5119400C042A8 /* Build configuration list for PBXProject "ViewThatFits" */ = {
			isa = XCConfigurationList;
			buildConfigurations = (
				801052F02BC5119500C042A8 /* Debug */,
				801052F12BC5119500C042A8 /* Release */,
			);
			defaultConfigurationIsVisible = 0;
			defaultConfigurationName = Release;
		};
		801052F22BC5119500C042A8 /* Build configuration list for PBXNativeTarget "ViewThatFits" */ = {
			isa = XCConfigurationList;
			buildConfigurations = (
				801052F32BC5119500C042A8 /* Debug */,
				801052F42BC5119500C042A8 /* Release */,
			);
			defaultConfigurationIsVisible = 0;
			defaultConfigurationName = Release;
		};
		801052F52BC5119500C042A8 /* Build configuration list for PBXNativeTarget "ViewThatFitsTests" */ = {
			isa = XCConfigurationList;
			buildConfigurations = (
				801052F62BC5119500C042A8 /* Debug */,
				801052F72BC5119500C042A8 /* Release */,
			);
			defaultConfigurationIsVisible = 0;
			defaultConfigurationName = Release;
		};
		801052F82BC5119500C042A8 /* Build configuration list for PBXNativeTarget "ViewThatFitsUITests" */ = {
			isa = XCConfigurationList;
			buildConfigurations = (
				801052F92BC5119500C042A8 /* Debug */,
				801052FA2BC5119500C042A8 /* Release */,
			);
			defaultConfigurationIsVisible = 0;
			defaultConfigurationName = Release;
		};
/* End XCConfigurationList section */
	};
	rootObject = 801052C62BC5119400C042A8 /* Project object */;
}
